
Microsoft Visual Studio Solution File, Format Version 12.00
# Visual Studio 15
VisualStudioVersion = 15.0.28307.102
MinimumVisualStudioVersion = 10.0.40219.1
Project("{E24C65DC-7377-472B-9ABA-BC803B73C61A}") = "MenuDesign", "MenuDesign\", "{0BB131E9-17CC-41AB-A7E6-AAF9C4AC8847}"
	ProjectSection(WebsiteProperties) = preProject
		TargetFrameworkMoniker = ".NETFramework,Version%3Dv4.6.1"
		Debug.AspNetCompiler.VirtualPath = "/localhost_49208"
		Debug.AspNetCompiler.PhysicalPath = "MenuDesign\"
		Debug.AspNetCompiler.TargetPath = "PrecompiledWeb\localhost_49208\"
		Debug.AspNetCompiler.Updateable = "true"
		Debug.AspNetCompiler.ForceOverwrite = "true"
		Debug.AspNetCompiler.FixedNames = "false"
		Debug.AspNetCompiler.Debug = "True"
		Release.AspNetCompiler.VirtualPath = "/localhost_49208"
		Release.AspNetCompiler.PhysicalPath = "MenuDesign\"
		Release.AspNetCompiler.TargetPath = "PrecompiledWeb\localhost_49208\"
		Release.AspNetCompiler.Updateable = "true"
		Release.AspNetCompiler.ForceOverwrite = "true"
		Release.AspNetCompiler.FixedNames = "false"
		Release.AspNetCompiler.Debug = "False"
		VWDPort = "49208"
		SlnRelativePath = "MenuDesign\"
		DefaultWebSiteLanguage = "Visual C#"
	EndProjectSection
EndProject
Global
	GlobalSection(SolutionConfigurationPlatforms) = preSolution
		Debug|Any CPU = Debug|Any CPU
	EndGlobalSection
	GlobalSection(ProjectConfigurationPlatforms) = postSolution
		{0BB131E9-17CC-41AB-A7E6-AAF9C4AC8847}.Debug|Any CPU.ActiveCfg = Debug|Any CPU
		{0BB131E9-17CC-41AB-A7E6-AAF9C4AC8847}.Debug|Any CPU.Build.0 = Debug|Any CPU
	EndGlobalSection
	GlobalSection(SolutionProperties) = preSolution
		HideSolutionNode = FALSE
	EndGlobalSection
	GlobalSection(ExtensibilityGlobals) = postSolution
		SolutionGuid = {B85734A6-B71F-4A3B-9FFD-D47054C8F1E0}
	EndGlobalSection
EndGlobal
